PODS:
  - flutter_localization (0.0.1):
    - FlutterMacOS
  - FlutterMacOS (1.0.0)
  - package_info_plus (0.0.1):
    - FlutterMacOS
  - path_provider_foundation (0.0.1):
    - Flutter
    - FlutterMacOS
  - rive_common (0.0.1):
    - FlutterMacOS
  - Sentry/HybridSDK (8.40.1)
  - sentry_flutter (8.10.1):
    - Flutter
    - FlutterMacOS
    - Sentry/HybridSDK (= 8.40.1)
  - shared_preferences_foundation (0.0.1):
    - Flutter
    - FlutterMacOS
  - sqflite_darwin (0.0.4):
    - Flutter
    - FlutterMacOS
  - url_launcher_macos (0.0.1):
    - FlutterMacOS

DEPENDENCIES:
  - flutter_localization (from `Flutter/ephemeral/.symlinks/plugins/flutter_localization/macos`)
  - FlutterMacOS (from `Flutter/ephemeral`)
  - package_info_plus (from `Flutter/ephemeral/.symlinks/plugins/package_info_plus/macos`)
  - path_provider_foundation (from `Flutter/ephemeral/.symlinks/plugins/path_provider_foundation/darwin`)
  - rive_common (from `Flutter/ephemeral/.symlinks/plugins/rive_common/macos`)
  - sentry_flutter (from `Flutter/ephemeral/.symlinks/plugins/sentry_flutter/macos`)
  - shared_preferences_foundation (from `Flutter/ephemeral/.symlinks/plugins/shared_preferences_foundation/darwin`)
  - sqflite_darwin (from `Flutter/ephemeral/.symlinks/plugins/sqflite_darwin/darwin`)
  - url_launcher_macos (from `Flutter/ephemeral/.symlinks/plugins/url_launcher_macos/macos`)

SPEC REPOS:
  trunk:
    - Sentry

EXTERNAL SOURCES:
  flutter_localization:
    :path: Flutter/ephemeral/.symlinks/plugins/flutter_localization/macos
  FlutterMacOS:
    :path: Flutter/ephemeral
  package_info_plus:
    :path: Flutter/ephemeral/.symlinks/plugins/package_info_plus/macos
  path_provider_foundation:
    :path: Flutter/ephemeral/.symlinks/plugins/path_provider_foundation/darwin
  rive_common:
    :path: Flutter/ephemeral/.symlinks/plugins/rive_common/macos
  sentry_flutter:
    :path: Flutter/ephemeral/.symlinks/plugins/sentry_flutter/macos
  shared_preferences_foundation:
    :path: Flutter/ephemeral/.symlinks/plugins/shared_preferences_foundation/darwin
  sqflite_darwin:
    :path: Flutter/ephemeral/.symlinks/plugins/sqflite_darwin/darwin
  url_launcher_macos:
    :path: Flutter/ephemeral/.symlinks/plugins/url_launcher_macos/macos

SPEC CHECKSUMS:
  flutter_localization: 4035848ae2ed142875d5fd3dde328250a5e81f42
  FlutterMacOS: 8f6f14fa908a6fb3fba0cd85dbd81ec4b251fb24
  package_info_plus: 12f1c5c2cfe8727ca46cbd0b26677728972d9a5b
  path_provider_foundation: 2b6b4c569c0fb62ec74538f866245ac84301af46
  rive_common: 9580b9f1f08a8c85006083078e80479edf3db26a
  Sentry: e9215d7b17f7902692b4f8700e061e4f853e3521
  sentry_flutter: 927eed60d66951d1b0f1db37fe94ff5cb7c80231
  shared_preferences_foundation: fcdcbc04712aee1108ac7fda236f363274528f78
  sqflite_darwin: 5a7236e3b501866c1c9befc6771dfd73ffb8702d
  url_launcher_macos: c82c93949963e55b228a30115bd219499a6fe404

PODFILE CHECKSUM: 236401fc2c932af29a9fcf0e97baeeb2d750d367

COCOAPODS: 1.16.2
