PODS:
  - Flutter (1.0.0)
  - flutter_haptic (0.0.1):
    - Flutter
  - flutter_localization (0.0.1):
    - Flutter
  - haptic_feedback (0.5.1):
    - Flutter
  - image_picker_ios (0.0.1):
    - Flutter
  - package_info_plus (0.4.5):
    - Flutter
  - path_provider_foundation (0.0.1):
    - Flutter
    - FlutterMacOS
  - Plaid (5.6.1)
  - plaid_flutter (0.0.1):
    - Flutter
    - Plaid (= 5.6.1)
  - rive_common (0.0.1):
    - Flutter
  - Sentry/HybridSDK (8.42.0)
  - sentry_flutter (8.12.0):
    - Flutter
    - FlutterMacOS
    - Sentry/HybridSDK (= 8.42.0)
  - shared_preferences_foundation (0.0.1):
    - Flutter
    - FlutterMacOS
  - sqflite_darwin (0.0.4):
    - Flutter
    - FlutterMacOS
  - url_launcher_ios (0.0.1):
    - Flutter

DEPENDENCIES:
  - Flutter (from `Flutter`)
  - flutter_haptic (from `.symlinks/plugins/flutter_haptic/ios`)
  - flutter_localization (from `.symlinks/plugins/flutter_localization/ios`)
  - haptic_feedback (from `.symlinks/plugins/haptic_feedback/ios`)
  - image_picker_ios (from `.symlinks/plugins/image_picker_ios/ios`)
  - package_info_plus (from `.symlinks/plugins/package_info_plus/ios`)
  - path_provider_foundation (from `.symlinks/plugins/path_provider_foundation/darwin`)
  - plaid_flutter (from `.symlinks/plugins/plaid_flutter/ios`)
  - rive_common (from `.symlinks/plugins/rive_common/ios`)
  - sentry_flutter (from `.symlinks/plugins/sentry_flutter/ios`)
  - shared_preferences_foundation (from `.symlinks/plugins/shared_preferences_foundation/darwin`)
  - sqflite_darwin (from `.symlinks/plugins/sqflite_darwin/darwin`)
  - url_launcher_ios (from `.symlinks/plugins/url_launcher_ios/ios`)

SPEC REPOS:
  trunk:
    - Plaid
    - Sentry

EXTERNAL SOURCES:
  Flutter:
    :path: Flutter
  flutter_haptic:
    :path: ".symlinks/plugins/flutter_haptic/ios"
  flutter_localization:
    :path: ".symlinks/plugins/flutter_localization/ios"
  haptic_feedback:
    :path: ".symlinks/plugins/haptic_feedback/ios"
  image_picker_ios:
    :path: ".symlinks/plugins/image_picker_ios/ios"
  package_info_plus:
    :path: ".symlinks/plugins/package_info_plus/ios"
  path_provider_foundation:
    :path: ".symlinks/plugins/path_provider_foundation/darwin"
  plaid_flutter:
    :path: ".symlinks/plugins/plaid_flutter/ios"
  rive_common:
    :path: ".symlinks/plugins/rive_common/ios"
  sentry_flutter:
    :path: ".symlinks/plugins/sentry_flutter/ios"
  shared_preferences_foundation:
    :path: ".symlinks/plugins/shared_preferences_foundation/darwin"
  sqflite_darwin:
    :path: ".symlinks/plugins/sqflite_darwin/darwin"
  url_launcher_ios:
    :path: ".symlinks/plugins/url_launcher_ios/ios"

SPEC CHECKSUMS:
  Flutter: e0871f40cf51350855a761d2e70bf5af5b9b5de7
  flutter_haptic: 69ea6e5e1e478c19b2bec98a9a445bcc6525fcde
  flutter_localization: f43b18844a2b3d2c71fd64f04ffd6b1e64dd54d4
  haptic_feedback: 8cb3ee0cb6b797946c2b0df9c99ebc8f7ed79c71
  image_picker_ios: c560581cceedb403a6ff17f2f816d7fea1421fc1
  package_info_plus: c0502532a26c7662a62a356cebe2692ec5fe4ec4
  path_provider_foundation: 2b6b4c569c0fb62ec74538f866245ac84301af46
  Plaid: 93c9e80b93f5cea960a1120047ef2b689394ff91
  plaid_flutter: b60dc1bcb779c05656a8a61109f9b38ee379a19c
  rive_common: 4743dbfd2911c99066547a3c6454681e0fa907df
  Sentry: 38ed8bf38eab5812787274bf591e528074c19e02
  sentry_flutter: 7d1f1df30f3768c411603ed449519bbb90a7d87b
  shared_preferences_foundation: fcdcbc04712aee1108ac7fda236f363274528f78
  sqflite_darwin: 5a7236e3b501866c1c9befc6771dfd73ffb8702d
  url_launcher_ios: 5334b05cef931de560670eeae103fd3e431ac3fe

PODFILE CHECKSUM: de97cdd71230554f2f9175b64953d8f22054f2bf

COCOAPODS: 1.16.2
